// !$*UTF8*$!
{
	archiveVersion = 1;
	classes = {
	};
	objectVersion = 46;
	objects = {

/* Begin PBXBuildFile section */
		D7286635150E318000E3A6E9 /* Cocoa.framework in Frameworks */ = {isa = PBXBuildFile; fileRef = D7286634150E318000E3A6E9 /* Cocoa.framework */; };
		D728663F150E318000E3A6E9 /* InfoPlist.strings in Resources */ = {isa = PBXBuildFile; fileRef = D728663D150E318000E3A6E9 /* InfoPlist.strings */; };
		D7286641150E318000E3A6E9 /* main.m in Sources */ = {isa = PBXBuildFile; fileRef = D7286640150E318000E3A6E9 /* main.m */; };
		D7286645150E318000E3A6E9 /* Credits.rtf in Resources */ = {isa = PBXBuildFile; fileRef = D7286643150E318000E3A6E9 /* Credits.rtf */; };
		D7286648150E318000E3A6E9 /* AppDelegate.mm in Sources */ = {isa = PBXBuildFile; fileRef = D7286647150E318000E3A6E9 /* AppDelegate.mm */; };
		D728664B150E318000E3A6E9 /* MainMenu.xib in Resources */ = {isa = PBXBuildFile; fileRef = D7286649150E318000E3A6E9 /* MainMenu.xib */; };
		D7286653150E31FD00E3A6E9 /* ThemeparkView.m in Sources */ = {isa = PBXBuildFile; fileRef = D7286652150E31FD00E3A6E9 /* ThemeparkView.m */; };
		D728665F150E6E8700E3A6E9 /* BasicOpenGLView.mm in Sources */ = {isa = PBXBuildFile; fileRef = D7286656150E6E8600E3A6E9 /* BasicOpenGLView.mm */; };
		D7286660150E6E8700E3A6E9 /* drawInfo.mm in Sources */ = {isa = PBXBuildFile; fileRef = D7286658150E6E8600E3A6E9 /* drawInfo.mm */; };
		D7286661150E6E8700E3A6E9 /* GLCheck.c in Sources */ = {isa = PBXBuildFile; fileRef = D7286659150E6E8600E3A6E9 /* GLCheck.c */; };
		D7286662150E6E8700E3A6E9 /* GLString.mm in Sources */ = {isa = PBXBuildFile; fileRef = D728665C150E6E8700E3A6E9 /* GLString.mm */; };
		D7286663150E6E8700E3A6E9 /* trackball.c in Sources */ = {isa = PBXBuildFile; fileRef = D728665D150E6E8700E3A6E9 /* trackball.c */; };
		D7286665150E6EB700E3A6E9 /* OpenGL.framework in Frameworks */ = {isa = PBXBuildFile; fileRef = D7286664150E6EB700E3A6E9 /* OpenGL.framework */; };
		D728666B150E732000E3A6E9 /* CubicBspline.cpp in Sources */ = {isa = PBXBuildFile; fileRef = D7286667150E732000E3A6E9 /* CubicBspline.cpp */; };
		D728666F150E734600E3A6E9 /* GenericException.cpp in Sources */ = {isa = PBXBuildFile; fileRef = D728666D150E734600E3A6E9 /* GenericException.cpp */; };
		D7694DC3150EBD450079A474 /* grass-texture.jpg in Resources */ = {isa = PBXBuildFile; fileRef = D7694DC2150EBD450079A474 /* grass-texture.jpg */; };
		D7694DC7150EBFF10079A474 /* MyGround.mm in Sources */ = {isa = PBXBuildFile; fileRef = D7694DC6150EBFF10079A474 /* MyGround.mm */; };
		D7694DCD150EC2F40079A474 /* ApplicationServices.framework in Frameworks */ = {isa = PBXBuildFile; fileRef = D7694DCC150EC2F40079A474 /* ApplicationServices.framework */; };
		D7694DD0150EC6250079A474 /* OpenGLObject.mm in Sources */ = {isa = PBXBuildFile; fileRef = D7694DCF150EC6250079A474 /* OpenGLObject.mm */; };
		D7694DD3150FC2B90079A474 /* MyTrack.mm in Sources */ = {isa = PBXBuildFile; fileRef = D7694DD2150FC2B90079A474 /* MyTrack.mm */; };
		D7C3FEDB150FDE1500B12FA8 /* MyCarousel.mm in Sources */ = {isa = PBXBuildFile; fileRef = D7C3FEDA150FDE1500B12FA8 /* MyCarousel.mm */; };
/* End PBXBuildFile section */

/* Begin PBXFileReference section */
		D7286630150E318000E3A6E9 /* Themepark2.app */ = {isa = PBXFileReference; explicitFileType = wrapper.application; includeInIndex = 0; path = Themepark2.app; sourceTree = BUILT_PRODUCTS_DIR; };
		D7286634150E318000E3A6E9 /* Cocoa.framework */ = {isa = PBXFileReference; lastKnownFileType = wrapper.framework; name = Cocoa.framework; path = System/Library/Frameworks/Cocoa.framework; sourceTree = SDKROOT; };
		D7286637150E318000E3A6E9 /* AppKit.framework */ = {isa = PBXFileReference; lastKnownFileType = wrapper.framework; name = AppKit.framework; path = System/Library/Frameworks/AppKit.framework; sourceTree = SDKROOT; };
		D7286638150E318000E3A6E9 /* CoreData.framework */ = {isa = PBXFileReference; lastKnownFileType = wrapper.framework; name = CoreData.framework; path = System/Library/Frameworks/CoreData.framework; sourceTree = SDKROOT; };
		D7286639150E318000E3A6E9 /* Foundation.framework */ = {isa = PBXFileReference; lastKnownFileType = wrapper.framework; name = Foundation.framework; path = System/Library/Frameworks/Foundation.framework; sourceTree = SDKROOT; };
		D728663C150E318000E3A6E9 /* Themepark2-Info.plist */ = {isa = PBXFileReference; lastKnownFileType = text.plist.xml; path = "Themepark2-Info.plist"; sourceTree = "<group>"; };
		D728663E150E318000E3A6E9 /* en */ = {isa = PBXFileReference; lastKnownFileType = text.plist.strings; name = en; path = en.lproj/InfoPlist.strings; sourceTree = "<group>"; };
		D7286640150E318000E3A6E9 /* main.m */ = {isa = PBXFileReference; lastKnownFileType = sourcecode.c.objc; path = main.m; sourceTree = "<group>"; };
		D7286642150E318000E3A6E9 /* Themepark2-Prefix.pch */ = {isa = PBXFileReference; lastKnownFileType = sourcecode.c.h; path = "Themepark2-Prefix.pch"; sourceTree = "<group>"; };
		D7286644150E318000E3A6E9 /* en */ = {isa = PBXFileReference; lastKnownFileType = text.rtf; name = en; path = en.lproj/Credits.rtf; sourceTree = "<group>"; };
		D7286646150E318000E3A6E9 /* AppDelegate.h */ = {isa = PBXFileReference; lastKnownFileType = sourcecode.c.h; path = AppDelegate.h; sourceTree = "<group>"; };
		D7286647150E318000E3A6E9 /* AppDelegate.mm */ = {isa = PBXFileReference; lastKnownFileType = sourcecode.cpp.objcpp; path = AppDelegate.mm; sourceTree = "<group>"; };
		D728664A150E318000E3A6E9 /* en */ = {isa = PBXFileReference; lastKnownFileType = file.xib; name = en; path = en.lproj/MainMenu.xib; sourceTree = "<group>"; };
		D7286651150E31FD00E3A6E9 /* ThemeparkView.h */ = {isa = PBXFileReference; fileEncoding = 4; lastKnownFileType = sourcecode.c.h; path = ThemeparkView.h; sourceTree = "<group>"; };
		D7286652150E31FD00E3A6E9 /* ThemeparkView.m */ = {isa = PBXFileReference; fileEncoding = 4; lastKnownFileType = sourcecode.c.objc; path = ThemeparkView.m; sourceTree = "<group>"; };
		D7286655150E6E8600E3A6E9 /* BasicOpenGLView.h */ = {isa = PBXFileReference; fileEncoding = 4; lastKnownFileType = sourcecode.c.h; path = BasicOpenGLView.h; sourceTree = "<group>"; };
		D7286656150E6E8600E3A6E9 /* BasicOpenGLView.mm */ = {isa = PBXFileReference; fileEncoding = 4; lastKnownFileType = sourcecode.cpp.objcpp; path = BasicOpenGLView.mm; sourceTree = "<group>"; };
		D7286657150E6E8600E3A6E9 /* drawInfo.h */ = {isa = PBXFileReference; fileEncoding = 4; lastKnownFileType = sourcecode.c.h; path = drawInfo.h; sourceTree = "<group>"; };
		D7286658150E6E8600E3A6E9 /* drawInfo.mm */ = {isa = PBXFileReference; fileEncoding = 4; lastKnownFileType = sourcecode.cpp.objcpp; path = drawInfo.mm; sourceTree = "<group>"; };
		D7286659150E6E8600E3A6E9 /* GLCheck.c */ = {isa = PBXFileReference; fileEncoding = 4; lastKnownFileType = sourcecode.c.c; path = GLCheck.c; sourceTree = "<group>"; };
		D728665A150E6E8600E3A6E9 /* GLCheck.h */ = {isa = PBXFileReference; fileEncoding = 4; lastKnownFileType = sourcecode.c.h; path = GLCheck.h; sourceTree = "<group>"; };
		D728665B150E6E8600E3A6E9 /* GLString.h */ = {isa = PBXFileReference; fileEncoding = 4; lastKnownFileType = sourcecode.c.h; path = GLString.h; sourceTree = "<group>"; };
		D728665C150E6E8700E3A6E9 /* GLString.mm */ = {isa = PBXFileReference; fileEncoding = 4; lastKnownFileType = sourcecode.cpp.objcpp; path = GLString.mm; sourceTree = "<group>"; };
		D728665D150E6E8700E3A6E9 /* trackball.c */ = {isa = PBXFileReference; fileEncoding = 4; lastKnownFileType = sourcecode.c.c; path = trackball.c; sourceTree = "<group>"; };
		D728665E150E6E8700E3A6E9 /* trackball.h */ = {isa = PBXFileReference; fileEncoding = 4; lastKnownFileType = sourcecode.c.h; path = trackball.h; sourceTree = "<group>"; };
		D7286664150E6EB700E3A6E9 /* OpenGL.framework */ = {isa = PBXFileReference; lastKnownFileType = wrapper.framework; name = OpenGL.framework; path = System/Library/Frameworks/OpenGL.framework; sourceTree = SDKROOT; };
		D7286667150E732000E3A6E9 /* CubicBspline.cpp */ = {isa = PBXFileReference; fileEncoding = 4; lastKnownFileType = sourcecode.cpp.cpp; path = CubicBspline.cpp; sourceTree = "<group>"; };
		D7286668150E732000E3A6E9 /* CubicBspline.h */ = {isa = PBXFileReference; fileEncoding = 4; lastKnownFileType = sourcecode.c.h; path = CubicBspline.h; sourceTree = "<group>"; };
		D7286669150E732000E3A6E9 /* Track.cpp */ = {isa = PBXFileReference; fileEncoding = 4; lastKnownFileType = sourcecode.cpp.cpp; path = Track.cpp; sourceTree = "<group>"; };
		D728666A150E732000E3A6E9 /* Track.h */ = {isa = PBXFileReference; fileEncoding = 4; lastKnownFileType = sourcecode.c.h; path = Track.h; sourceTree = "<group>"; };
		D728666D150E734600E3A6E9 /* GenericException.cpp */ = {isa = PBXFileReference; fileEncoding = 4; lastKnownFileType = sourcecode.cpp.cpp; path = GenericException.cpp; sourceTree = "<group>"; };
		D728666E150E734600E3A6E9 /* GenericException.h */ = {isa = PBXFileReference; fileEncoding = 4; lastKnownFileType = sourcecode.c.h; path = GenericException.h; sourceTree = "<group>"; };
		D7694DBF150EA09B0079A474 /* Ground.cpp */ = {isa = PBXFileReference; fileEncoding = 4; lastKnownFileType = sourcecode.cpp.cpp; path = Ground.cpp; sourceTree = "<group>"; };
		D7694DC0150EA09C0079A474 /* Ground.h */ = {isa = PBXFileReference; fileEncoding = 4; lastKnownFileType = sourcecode.c.h; path = Ground.h; sourceTree = "<group>"; };
		D7694DC2150EBD450079A474 /* grass-texture.jpg */ = {isa = PBXFileReference; lastKnownFileType = image.jpeg; path = "grass-texture.jpg"; sourceTree = "<group>"; };
		D7694DC5150EBFF10079A474 /* MyGround.h */ = {isa = PBXFileReference; fileEncoding = 4; lastKnownFileType = sourcecode.c.h; path = MyGround.h; sourceTree = "<group>"; };
		D7694DC6150EBFF10079A474 /* MyGround.mm */ = {isa = PBXFileReference; fileEncoding = 4; lastKnownFileType = sourcecode.cpp.objcpp; path = MyGround.mm; sourceTree = "<group>"; };
		D7694DCC150EC2F40079A474 /* ApplicationServices.framework */ = {isa = PBXFileReference; lastKnownFileType = wrapper.framework; name = ApplicationServices.framework; path = System/Library/Frameworks/ApplicationServices.framework; sourceTree = SDKROOT; };
		D7694DCE150EC6250079A474 /* OpenGLObject.h */ = {isa = PBXFileReference; fileEncoding = 4; lastKnownFileType = sourcecode.c.h; path = OpenGLObject.h; sourceTree = "<group>"; };
		D7694DCF150EC6250079A474 /* OpenGLObject.mm */ = {isa = PBXFileReference; fileEncoding = 4; lastKnownFileType = sourcecode.cpp.objcpp; path = OpenGLObject.mm; sourceTree = "<group>"; };
		D7694DD1150FC2B80079A474 /* MyTrack.h */ = {isa = PBXFileReference; fileEncoding = 4; lastKnownFileType = sourcecode.c.h; path = MyTrack.h; sourceTree = "<group>"; };
		D7694DD2150FC2B90079A474 /* MyTrack.mm */ = {isa = PBXFileReference; fileEncoding = 4; lastKnownFileType = sourcecode.cpp.objcpp; path = MyTrack.mm; sourceTree = "<group>"; };
		D7C3FED9150FDE1500B12FA8 /* MyCarousel.h */ = {isa = PBXFileReference; fileEncoding = 4; lastKnownFileType = sourcecode.c.h; path = MyCarousel.h; sourceTree = "<group>"; };
		D7C3FEDA150FDE1500B12FA8 /* MyCarousel.mm */ = {isa = PBXFileReference; fileEncoding = 4; lastKnownFileType = sourcecode.cpp.objcpp; path = MyCarousel.mm; sourceTree = "<group>"; };
/* End PBXFileReference section */

/* Begin PBXFrameworksBuildPhase section */
		D728662D150E318000E3A6E9 /* Frameworks */ = {
			isa = PBXFrameworksBuildPhase;
			buildActionMask = 2147483647;
			files = (
				D7694DCD150EC2F40079A474 /* ApplicationServices.framework in Frameworks */,
				D7286665150E6EB700E3A6E9 /* OpenGL.framework in Frameworks */,
				D7286635150E318000E3A6E9 /* Cocoa.framework in Frameworks */,
			);
			runOnlyForDeploymentPostprocessing = 0;
		};
/* End PBXFrameworksBuildPhase section */

/* Begin PBXGroup section */
		D7286625150E318000E3A6E9 = {
			isa = PBXGroup;
			children = (
				D728663A150E318000E3A6E9 /* Themepark2 */,
				D7286633150E318000E3A6E9 /* Frameworks */,
				D7286631150E318000E3A6E9 /* Products */,
			);
			sourceTree = "<group>";
		};
		D7286631150E318000E3A6E9 /* Products */ = {
			isa = PBXGroup;
			children = (
				D7286630150E318000E3A6E9 /* Themepark2.app */,
			);
			name = Products;
			sourceTree = "<group>";
		};
		D7286633150E318000E3A6E9 /* Frameworks */ = {
			isa = PBXGroup;
			children = (
				D7694DCC150EC2F40079A474 /* ApplicationServices.framework */,
				D7286664150E6EB700E3A6E9 /* OpenGL.framework */,
				D7286634150E318000E3A6E9 /* Cocoa.framework */,
				D7286636150E318000E3A6E9 /* Other Frameworks */,
			);
			name = Frameworks;
			sourceTree = "<group>";
		};
		D7286636150E318000E3A6E9 /* Other Frameworks */ = {
			isa = PBXGroup;
			children = (
				D7286637150E318000E3A6E9 /* AppKit.framework */,
				D7286638150E318000E3A6E9 /* CoreData.framework */,
				D7286639150E318000E3A6E9 /* Foundation.framework */,
			);
			name = "Other Frameworks";
			sourceTree = "<group>";
		};
		D728663A150E318000E3A6E9 /* Themepark2 */ = {
			isa = PBXGroup;
			children = (
				D7694DD4150FC2C30079A474 /* OpenGlObjects */,
				D7694DC4150EBD550079A474 /* Textures */,
				D7286666150E730400E3A6E9 /* Files from project 2 skeleton */,
				D7286654150E6E6800E3A6E9 /* Files from cocoagl */,
				D7286646150E318000E3A6E9 /* AppDelegate.h */,
				D7286647150E318000E3A6E9 /* AppDelegate.mm */,
				D7286649150E318000E3A6E9 /* MainMenu.xib */,
				D728663B150E318000E3A6E9 /* Supporting Files */,
				D7286651150E31FD00E3A6E9 /* ThemeparkView.h */,
				D7286652150E31FD00E3A6E9 /* ThemeparkView.m */,
			);
			path = Themepark2;
			sourceTree = "<group>";
		};
		D728663B150E318000E3A6E9 /* Supporting Files */ = {
			isa = PBXGroup;
			children = (
				D728663C150E318000E3A6E9 /* Themepark2-Info.plist */,
				D728663D150E318000E3A6E9 /* InfoPlist.strings */,
				D7286640150E318000E3A6E9 /* main.m */,
				D7286642150E318000E3A6E9 /* Themepark2-Prefix.pch */,
				D7286643150E318000E3A6E9 /* Credits.rtf */,
			);
			name = "Supporting Files";
			sourceTree = "<group>";
		};
		D7286654150E6E6800E3A6E9 /* Files from cocoagl */ = {
			isa = PBXGroup;
			children = (
				D7286655150E6E8600E3A6E9 /* BasicOpenGLView.h */,
				D7286656150E6E8600E3A6E9 /* BasicOpenGLView.mm */,
				D7286657150E6E8600E3A6E9 /* drawInfo.h */,
				D7286658150E6E8600E3A6E9 /* drawInfo.mm */,
				D7286659150E6E8600E3A6E9 /* GLCheck.c */,
				D728665A150E6E8600E3A6E9 /* GLCheck.h */,
				D728665B150E6E8600E3A6E9 /* GLString.h */,
				D728665C150E6E8700E3A6E9 /* GLString.mm */,
				D728665D150E6E8700E3A6E9 /* trackball.c */,
				D728665E150E6E8700E3A6E9 /* trackball.h */,
			);
			name = "Files from cocoagl";
			sourceTree = "<group>";
		};
		D7286666150E730400E3A6E9 /* Files from project 2 skeleton */ = {
			isa = PBXGroup;
			children = (
				D7694DC0150EA09C0079A474 /* Ground.h */,
				D7694DBF150EA09B0079A474 /* Ground.cpp */,
				D728666D150E734600E3A6E9 /* GenericException.cpp */,
				D728666E150E734600E3A6E9 /* GenericException.h */,
				D7286667150E732000E3A6E9 /* CubicBspline.cpp */,
				D7286668150E732000E3A6E9 /* CubicBspline.h */,
				D7286669150E732000E3A6E9 /* Track.cpp */,
				D728666A150E732000E3A6E9 /* Track.h */,
			);
			name = "Files from project 2 skeleton";
			sourceTree = "<group>";
		};
		D7694DC4150EBD550079A474 /* Textures */ = {
			isa = PBXGroup;
			children = (
				D7694DC2150EBD450079A474 /* grass-texture.jpg */,
			);
			name = Textures;
			sourceTree = "<group>";
		};
		D7694DD4150FC2C30079A474 /* OpenGlObjects */ = {
			isa = PBXGroup;
			children = (
				D7694DC5150EBFF10079A474 /* MyGround.h */,
				D7694DC6150EBFF10079A474 /* MyGround.mm */,
				D7C3FED9150FDE1500B12FA8 /* MyCarousel.h */,
				D7C3FEDA150FDE1500B12FA8 /* MyCarousel.mm */,
				D7694DCE150EC6250079A474 /* OpenGLObject.h */,
				D7694DCF150EC6250079A474 /* OpenGLObject.mm */,
				D7694DD1150FC2B80079A474 /* MyTrack.h */,
				D7694DD2150FC2B90079A474 /* MyTrack.mm */,
			);
			name = OpenGlObjects;
			sourceTree = "<group>";
		};
/* End PBXGroup section */

/* Begin PBXNativeTarget section */
		D728662F150E318000E3A6E9 /* Themepark2 */ = {
			isa = PBXNativeTarget;
			buildConfigurationList = D728664E150E318000E3A6E9 /* Build configuration list for PBXNativeTarget "Themepark2" */;
			buildPhases = (
				D728662C150E318000E3A6E9 /* Sources */,
				D728662D150E318000E3A6E9 /* Frameworks */,
				D728662E150E318000E3A6E9 /* Resources */,
			);
			buildRules = (
			);
			dependencies = (
			);
			name = Themepark2;
			productName = Themepark2;
			productReference = D7286630150E318000E3A6E9 /* Themepark2.app */;
			productType = "com.apple.product-type.application";
		};
/* End PBXNativeTarget section */

/* Begin PBXProject section */
		D7286627150E318000E3A6E9 /* Project object */ = {
			isa = PBXProject;
			attributes = {
				LastUpgradeCheck = 0420;
			};
			buildConfigurationList = D728662A150E318000E3A6E9 /* Build configuration list for PBXProject "Themepark2" */;
			compatibilityVersion = "Xcode 3.2";
			developmentRegion = English;
			hasScannedForEncodings = 0;
			knownRegions = (
				en,
			);
			mainGroup = D7286625150E318000E3A6E9;
			productRefGroup = D7286631150E318000E3A6E9 /* Products */;
			projectDirPath = "";
			projectRoot = "";
			targets = (
				D728662F150E318000E3A6E9 /* Themepark2 */,
			);
		};
/* End PBXProject section */

/* Begin PBXResourcesBuildPhase section */
		D728662E150E318000E3A6E9 /* Resources */ = {
			isa = PBXResourcesBuildPhase;
			buildActionMask = 2147483647;
			files = (
				D728663F150E318000E3A6E9 /* InfoPlist.strings in Resources */,
				D7286645150E318000E3A6E9 /* Credits.rtf in Resources */,
				D728664B150E318000E3A6E9 /* MainMenu.xib in Resources */,
				D7694DC3150EBD450079A474 /* grass-texture.jpg in Resources */,
			);
			runOnlyForDeploymentPostprocessing = 0;
		};
/* End PBXResourcesBuildPhase section */

/* Begin PBXSourcesBuildPhase section */
		D728662C150E318000E3A6E9 /* Sources */ = {
			isa = PBXSourcesBuildPhase;
			buildActionMask = 2147483647;
			files = (
				D7286641150E318000E3A6E9 /* main.m in Sources */,
				D7286648150E318000E3A6E9 /* AppDelegate.mm in Sources */,
				D7286653150E31FD00E3A6E9 /* ThemeparkView.m in Sources */,
				D728665F150E6E8700E3A6E9 /* BasicOpenGLView.mm in Sources */,
				D7286660150E6E8700E3A6E9 /* drawInfo.mm in Sources */,
				D7286661150E6E8700E3A6E9 /* GLCheck.c in Sources */,
				D7286662150E6E8700E3A6E9 /* GLString.mm in Sources */,
				D7286663150E6E8700E3A6E9 /* trackball.c in Sources */,
				D728666B150E732000E3A6E9 /* CubicBspline.cpp in Sources */,
				D728666F150E734600E3A6E9 /* GenericException.cpp in Sources */,
				D7694DC7150EBFF10079A474 /* MyGround.mm in Sources */,
				D7694DD0150EC6250079A474 /* OpenGLObject.mm in Sources */,
				D7694DD3150FC2B90079A474 /* MyTrack.mm in Sources */,
				D7C3FEDB150FDE1500B12FA8 /* MyCarousel.mm in Sources */,
			);
			runOnlyForDeploymentPostprocessing = 0;
		};
/* End PBXSourcesBuildPhase section */

/* Begin PBXVariantGroup section */
		D728663D150E318000E3A6E9 /* InfoPlist.strings */ = {
			isa = PBXVariantGroup;
			children = (
				D728663E150E318000E3A6E9 /* en */,
			);
			name = InfoPlist.strings;
			sourceTree = "<group>";
		};
		D7286643150E318000E3A6E9 /* Credits.rtf */ = {
			isa = PBXVariantGroup;
			children = (
				D7286644150E318000E3A6E9 /* en */,
			);
			name = Credits.rtf;
			sourceTree = "<group>";
		};
		D7286649150E318000E3A6E9 /* MainMenu.xib */ = {
			isa = PBXVariantGroup;
			children = (
				D728664A150E318000E3A6E9 /* en */,
			);
			name = MainMenu.xib;
			sourceTree = "<group>";
		};
/* End PBXVariantGroup section */

/* Begin XCBuildConfiguration section */
		D728664C150E318000E3A6E9 /* Debug */ = {
			isa = XCBuildConfiguration;
			buildSettings = {
				ALWAYS_SEARCH_USER_PATHS = NO;
				ARCHS = "$(ARCHS_STANDARD_64_BIT)";
				COPY_PHASE_STRIP = NO;
				GCC_C_LANGUAGE_STANDARD = gnu99;
				GCC_DYNAMIC_NO_PIC = NO;
				GCC_ENABLE_OBJC_EXCEPTIONS = YES;
				GCC_OPTIMIZATION_LEVEL = 0;
				GCC_PREPROCESSOR_DEFINITIONS = (
					"DEBUG=1",
					"$(inherited)",
				);
				GCC_SYMBOLS_PRIVATE_EXTERN = NO;
				GCC_VERSION = com.apple.compilers.llvm.clang.1_0;
				GCC_WARN_64_TO_32_BIT_CONVERSION = YES;
				GCC_WARN_ABOUT_MISSING_PROTOTYPES = YES;
				GCC_WARN_ABOUT_RETURN_TYPE = YES;
				GCC_WARN_UNUSED_VARIABLE = YES;
				MACOSX_DEPLOYMENT_TARGET = 10.7;
				ONLY_ACTIVE_ARCH = YES;
				SDKROOT = macosx;
			};
			name = Debug;
		};
		D728664D150E318000E3A6E9 /* Release */ = {
			isa = XCBuildConfiguration;
			buildSettings = {
				ALWAYS_SEARCH_USER_PATHS = NO;
				ARCHS = "$(ARCHS_STANDARD_64_BIT)";
				COPY_PHASE_STRIP = YES;
				DEBUG_INFORMATION_FORMAT = "dwarf-with-dsym";
				GCC_C_LANGUAGE_STANDARD = gnu99;
				GCC_ENABLE_OBJC_EXCEPTIONS = YES;
				GCC_VERSION = com.apple.compilers.llvm.clang.1_0;
				GCC_WARN_64_TO_32_BIT_CONVERSION = YES;
				GCC_WARN_ABOUT_MISSING_PROTOTYPES = YES;
				GCC_WARN_ABOUT_RETURN_TYPE = YES;
				GCC_WARN_UNUSED_VARIABLE = YES;
				MACOSX_DEPLOYMENT_TARGET = 10.7;
				SDKROOT = macosx;
			};
			name = Release;
		};
		D728664F150E318000E3A6E9 /* Debug */ = {
			isa = XCBuildConfiguration;
			buildSettings = {
				GCC_PRECOMPILE_PREFIX_HEADER = YES;
				GCC_PREFIX_HEADER = "Themepark2/Themepark2-Prefix.pch";
				INFOPLIST_FILE = "Themepark2/Themepark2-Info.plist";
				PRODUCT_NAME = "$(TARGET_NAME)";
				WRAPPER_EXTENSION = app;
			};
			name = Debug;
		};
		D7286650150E318000E3A6E9 /* Release */ = {
			isa = XCBuildConfiguration;
			buildSettings = {
				GCC_PRECOMPILE_PREFIX_HEADER = YES;
				GCC_PREFIX_HEADER = "Themepark2/Themepark2-Prefix.pch";
				INFOPLIST_FILE = "Themepark2/Themepark2-Info.plist";
				PRODUCT_NAME = "$(TARGET_NAME)";
				WRAPPER_EXTENSION = app;
			};
			name = Release;
		};
/* End XCBuildConfiguration section */

/* Begin XCConfigurationList section */
		D728662A150E318000E3A6E9 /* Build configuration list for PBXProject "Themepark2" */ = {
			isa = XCConfigurationList;
			buildConfigurations = (
				D728664C150E318000E3A6E9 /* Debug */,
				D728664D150E318000E3A6E9 /* Release */,
			);
			defaultConfigurationIsVisible = 0;
			defaultConfigurationName = Release;
		};
		D728664E150E318000E3A6E9 /* Build configuration list for PBXNativeTarget "Themepark2" */ = {
			isa = XCConfigurationList;
			buildConfigurations = (
				D728664F150E318000E3A6E9 /* Debug */,
				D7286650150E318000E3A6E9 /* Release */,
			);
			defaultConfigurationIsVisible = 0;
			defaultConfigurationName = Release;
		};
/* End XCConfigurationList section */
	};
	rootObject = D7286627150E318000E3A6E9 /* Project object */;
}
